// !$*UTF8*$!
{
	archiveVersion = 1;
	classes = {
	};
	objectVersion = 46;
	objects = {

/* Begin PBXBuildFile section */
		EA09B56C197941E4006CE0B5 /* blue-heart.png in Resources */ = {isa = PBXBuildFile; fileRef = EA09B56A197941E4006CE0B5 /* blue-heart.png */; };
		EA09B56D197941E4006CE0B5 /* blue-heart@2x.png in Resources */ = {isa = PBXBuildFile; fileRef = EA09B56B197941E4006CE0B5 /* blue-heart@2x.png */; };
		EA09B5701979435A006CE0B5 /* FavoriteViewController.m in Sources */ = {isa = PBXBuildFile; fileRef = EA09B56F1979435A006CE0B5 /* FavoriteViewController.m */; };
		EA09B57D1979AFD7006CE0B5 /* FMDatabase.m in Sources */ = {isa = PBXBuildFile; fileRef = EA09B5731979AFD7006CE0B5 /* FMDatabase.m */; };
		EA09B57E1979AFD7006CE0B5 /* FMDatabaseAdditions.m in Sources */ = {isa = PBXBuildFile; fileRef = EA09B5751979AFD7006CE0B5 /* FMDatabaseAdditions.m */; };
		EA09B57F1979AFD7006CE0B5 /* FMDatabasePool.m in Sources */ = {isa = PBXBuildFile; fileRef = EA09B5771979AFD7006CE0B5 /* FMDatabasePool.m */; };
		EA09B5801979AFD7006CE0B5 /* FMDatabaseQueue.m in Sources */ = {isa = PBXBuildFile; fileRef = EA09B5791979AFD7006CE0B5 /* FMDatabaseQueue.m */; };
		EA09B5811979AFD7006CE0B5 /* FMResultSet.m in Sources */ = {isa = PBXBuildFile; fileRef = EA09B57C1979AFD7006CE0B5 /* FMResultSet.m */; };
		EA09B5831979B033006CE0B5 /* libsqlite3.dylib in Frameworks */ = {isa = PBXBuildFile; fileRef = EA09B5821979B033006CE0B5 /* libsqlite3.dylib */; };
		EA0AF3841971470D00D60F07 /* ImageIO.framework in Frameworks */ = {isa = PBXBuildFile; fileRef = EA0AF3831971470D00D60F07 /* ImageIO.framework */; };
		EA0AF4051971AE5100D60F07 /* MKAnnotationView+WebCache.m in Sources */ = {isa = PBXBuildFile; fileRef = EA0AF3E91971AE5000D60F07 /* MKAnnotationView+WebCache.m */; };
		EA0AF4061971AE5100D60F07 /* NSData+GIF.m in Sources */ = {isa = PBXBuildFile; fileRef = EA0AF3EB1971AE5000D60F07 /* NSData+GIF.m */; };
		EA0AF4071971AE5100D60F07 /* SDImageCache.m in Sources */ = {isa = PBXBuildFile; fileRef = EA0AF3ED1971AE5000D60F07 /* SDImageCache.m */; };
		EA0AF4081971AE5100D60F07 /* SDWebImageCompat.m in Sources */ = {isa = PBXBuildFile; fileRef = EA0AF3EF1971AE5000D60F07 /* SDWebImageCompat.m */; };
		EA0AF4091971AE5100D60F07 /* SDWebImageDecoder.m in Sources */ = {isa = PBXBuildFile; fileRef = EA0AF3F11971AE5000D60F07 /* SDWebImageDecoder.m */; };
		EA0AF40A1971AE5100D60F07 /* SDWebImageDownloader.m in Sources */ = {isa = PBXBuildFile; fileRef = EA0AF3F31971AE5000D60F07 /* SDWebImageDownloader.m */; };
		EA0AF40B1971AE5100D60F07 /* SDWebImageDownloaderOperation.m in Sources */ = {isa = PBXBuildFile; fileRef = EA0AF3F51971AE5000D60F07 /* SDWebImageDownloaderOperation.m */; };
		EA0AF40C1971AE5100D60F07 /* SDWebImageManager.m in Sources */ = {isa = PBXBuildFile; fileRef = EA0AF3F71971AE5100D60F07 /* SDWebImageManager.m */; };
		EA0AF40D1971AE5100D60F07 /* SDWebImagePrefetcher.m in Sources */ = {isa = PBXBuildFile; fileRef = EA0AF3FA1971AE5100D60F07 /* SDWebImagePrefetcher.m */; };
		EA0AF40E1971AE5100D60F07 /* UIButton+WebCache.m in Sources */ = {isa = PBXBuildFile; fileRef = EA0AF3FC1971AE5100D60F07 /* UIButton+WebCache.m */; };
		EA0AF40F1971AE5100D60F07 /* UIImage+GIF.m in Sources */ = {isa = PBXBuildFile; fileRef = EA0AF3FE1971AE5100D60F07 /* UIImage+GIF.m */; };
		EA0AF4101971AE5100D60F07 /* UIImage+MultiFormat.m in Sources */ = {isa = PBXBuildFile; fileRef = EA0AF4001971AE5100D60F07 /* UIImage+MultiFormat.m */; };
		EA0AF4111971AE5100D60F07 /* UIImage+WebP.m in Sources */ = {isa = PBXBuildFile; fileRef = EA0AF4021971AE5100D60F07 /* UIImage+WebP.m */; };
		EA0AF4121971AE5100D60F07 /* UIImageView+WebCache.m in Sources */ = {isa = PBXBuildFile; fileRef = EA0AF4041971AE5100D60F07 /* UIImageView+WebCache.m */; };
		EA333E11196BFEF90023C303 /* CarSubModelViewController.m in Sources */ = {isa = PBXBuildFile; fileRef = EA333E10196BFEF90023C303 /* CarSubModelViewController.m */; };
		EA3D81CD1969DD5F00DC9C20 /* cellCarUpdate.m in Sources */ = {isa = PBXBuildFile; fileRef = EA3D81CC1969DD5F00DC9C20 /* cellCarUpdate.m */; };
		EA6478351975B98000C46B95 /* CarDetailViewController.m in Sources */ = {isa = PBXBuildFile; fileRef = EA6478341975B98000C46B95 /* CarDetailViewController.m */; };
		EA677A131967057B005A2845 /* CarGarlleryViewController.m in Sources */ = {isa = PBXBuildFile; fileRef = EA677A121967057B005A2845 /* CarGarlleryViewController.m */; };
		EA8852C3197C355E00F22F8A /* logo.png in Resources */ = {isa = PBXBuildFile; fileRef = EA8852C2197C355E00F22F8A /* logo.png */; };
		EA8852C5197C37EC00F22F8A /* logoscreen.png in Resources */ = {isa = PBXBuildFile; fileRef = EA8852C4197C37EC00F22F8A /* logoscreen.png */; };
		EA8852C7197C3BE200F22F8A /* contact.png in Resources */ = {isa = PBXBuildFile; fileRef = EA8852C6197C3BE200F22F8A /* contact.png */; };
		EA8852C9197C3E3C00F22F8A /* top.png in Resources */ = {isa = PBXBuildFile; fileRef = EA8852C8197C3E3C00F22F8A /* top.png */; };
		EA88C31F195EBCD6007F7EAB /* CarModelViewController.m in Sources */ = {isa = PBXBuildFile; fileRef = EA88C31E195EBCD6007F7EAB /* CarModelViewController.m */; };
		EAC248AB197272BF00C14C6C /* Reachability.m in Sources */ = {isa = PBXBuildFile; fileRef = EAC248AA197272BF00C14C6C /* Reachability.m */; };
		EAC248AD197273B800C14C6C /* SystemConfiguration.framework in Frameworks */ = {isa = PBXBuildFile; fileRef = EAC248AC197273B800C14C6C /* SystemConfiguration.framework */; };
		EAC61FBD195A113500FEC7C7 /* Foundation.framework in Frameworks */ = {isa = PBXBuildFile; fileRef = EAC61FBC195A113500FEC7C7 /* Foundation.framework */; };
		EAC61FBF195A113500FEC7C7 /* CoreGraphics.framework in Frameworks */ = {isa = PBXBuildFile; fileRef = EAC61FBE195A113500FEC7C7 /* CoreGraphics.framework */; };
		EAC61FC1195A113500FEC7C7 /* UIKit.framework in Frameworks */ = {isa = PBXBuildFile; fileRef = EAC61FC0195A113500FEC7C7 /* UIKit.framework */; };
		EAC61FC7195A113500FEC7C7 /* InfoPlist.strings in Resources */ = {isa = PBXBuildFile; fileRef = EAC61FC5195A113500FEC7C7 /* InfoPlist.strings */; };
		EAC61FC9195A113500FEC7C7 /* main.m in Sources */ = {isa = PBXBuildFile; fileRef = EAC61FC8195A113500FEC7C7 /* main.m */; };
		EAC61FCD195A113500FEC7C7 /* AppDelegate.m in Sources */ = {isa = PBXBuildFile; fileRef = EAC61FCC195A113500FEC7C7 /* AppDelegate.m */; };
		EAC61FD3195A113500FEC7C7 /* Main_iPad.storyboard in Resources */ = {isa = PBXBuildFile; fileRef = EAC61FD1195A113500FEC7C7 /* Main_iPad.storyboard */; };
		EAC61FD6195A113500FEC7C7 /* FirstViewController.m in Sources */ = {isa = PBXBuildFile; fileRef = EAC61FD5195A113500FEC7C7 /* FirstViewController.m */; };
		EAC61FD9195A113500FEC7C7 /* SecondViewController.m in Sources */ = {isa = PBXBuildFile; fileRef = EAC61FD8195A113500FEC7C7 /* SecondViewController.m */; };
		EAC61FDB195A113500FEC7C7 /* Images.xcassets in Resources */ = {isa = PBXBuildFile; fileRef = EAC61FDA195A113500FEC7C7 /* Images.xcassets */; };
		EAC61FE2195A113500FEC7C7 /* XCTest.framework in Frameworks */ = {isa = PBXBuildFile; fileRef = EAC61FE1195A113500FEC7C7 /* XCTest.framework */; };
		EAC61FE3195A113500FEC7C7 /* Foundation.framework in Frameworks */ = {isa = PBXBuildFile; fileRef = EAC61FBC195A113500FEC7C7 /* Foundation.framework */; };
		EAC61FE4195A113500FEC7C7 /* UIKit.framework in Frameworks */ = {isa = PBXBuildFile; fileRef = EAC61FC0195A113500FEC7C7 /* UIKit.framework */; };
		EAC61FEC195A113500FEC7C7 /* InfoPlist.strings in Resources */ = {isa = PBXBuildFile; fileRef = EAC61FEA195A113500FEC7C7 /* InfoPlist.strings */; };
		EAC61FEE195A113500FEC7C7 /* UnseenTests.m in Sources */ = {isa = PBXBuildFile; fileRef = EAC61FED195A113500FEC7C7 /* UnseenTests.m */; };
		EAC91FB619670ED8004229ED /* Main_iPhone.storyboard in Resources */ = {isa = PBXBuildFile; fileRef = EAC91FB419670ED8004229ED /* Main_iPhone.storyboard */; };
		EAD50889195AE8AF00C23A83 /* CarFindViewController.m in Sources */ = {isa = PBXBuildFile; fileRef = EAD50888195AE8AF00C23A83 /* CarFindViewController.m */; };
		EAD5088C195AEEE400C23A83 /* CarTypeViewController.m in Sources */ = {isa = PBXBuildFile; fileRef = EAD5088B195AEEE400C23A83 /* CarTypeViewController.m */; };
		EAD59B5119767736002585F1 /* EGOCache.m in Sources */ = {isa = PBXBuildFile; fileRef = EAD59B5019767736002585F1 /* EGOCache.m */; };
		EAD59B681976779D002585F1 /* FSBasicImage.m in Sources */ = {isa = PBXBuildFile; fileRef = EAD59B541976779D002585F1 /* FSBasicImage.m */; };
		EAD59B691976779D002585F1 /* FSBasicImageSource.m in Sources */ = {isa = PBXBuildFile; fileRef = EAD59B561976779D002585F1 /* FSBasicImageSource.m */; };
		EAD59B6A1976779D002585F1 /* FSImageLoader.m in Sources */ = {isa = PBXBuildFile; fileRef = EAD59B591976779D002585F1 /* FSImageLoader.m */; };
		EAD59B6B1976779D002585F1 /* FSImageScrollView.m in Sources */ = {isa = PBXBuildFile; fileRef = EAD59B5B1976779D002585F1 /* FSImageScrollView.m */; };
		EAD59B6C1976779D002585F1 /* FSImageTitleView.m in Sources */ = {isa = PBXBuildFile; fileRef = EAD59B5E1976779D002585F1 /* FSImageTitleView.m */; };
		EAD59B6D1976779D002585F1 /* FSImageView.m in Sources */ = {isa = PBXBuildFile; fileRef = EAD59B601976779D002585F1 /* FSImageView.m */; };
		EAD59B6E1976779D002585F1 /* FSImageViewerViewController.m in Sources */ = {isa = PBXBuildFile; fileRef = EAD59B641976779D002585F1 /* FSImageViewerViewController.m */; };
		EAD59B6F1976779D002585F1 /* FSPlaceholderImages.m in Sources */ = {isa = PBXBuildFile; fileRef = EAD59B661976779D002585F1 /* FSPlaceholderImages.m */; };
		EAD59B84197679A1002585F1 /* AFHTTPRequestOperation.m in Sources */ = {isa = PBXBuildFile; fileRef = EAD59B72197679A1002585F1 /* AFHTTPRequestOperation.m */; };
		EAD59B85197679A1002585F1 /* AFHTTPRequestOperationManager.m in Sources */ = {isa = PBXBuildFile; fileRef = EAD59B74197679A1002585F1 /* AFHTTPRequestOperationManager.m */; };
		EAD59B86197679A1002585F1 /* AFHTTPSessionManager.m in Sources */ = {isa = PBXBuildFile; fileRef = EAD59B76197679A1002585F1 /* AFHTTPSessionManager.m */; };
		EAD59B87197679A1002585F1 /* AFNetworkReachabilityManager.m in Sources */ = {isa = PBXBuildFile; fileRef = EAD59B79197679A1002585F1 /* AFNetworkReachabilityManager.m */; };
		EAD59B88197679A1002585F1 /* AFSecurityPolicy.m in Sources */ = {isa = PBXBuildFile; fileRef = EAD59B7B197679A1002585F1 /* AFSecurityPolicy.m */; };
		EAD59B89197679A1002585F1 /* AFURLConnectionOperation.m in Sources */ = {isa = PBXBuildFile; fileRef = EAD59B7D197679A1002585F1 /* AFURLConnectionOperation.m */; };
		EAD59B8A197679A1002585F1 /* AFURLRequestSerialization.m in Sources */ = {isa = PBXBuildFile; fileRef = EAD59B7F197679A1002585F1 /* AFURLRequestSerialization.m */; };
		EAD59B8B197679A1002585F1 /* AFURLResponseSerialization.m in Sources */ = {isa = PBXBuildFile; fileRef = EAD59B81197679A1002585F1 /* AFURLResponseSerialization.m */; };
		EAD59B8C197679A1002585F1 /* AFURLSessionManager.m in Sources */ = {isa = PBXBuildFile; fileRef = EAD59B83197679A1002585F1 /* AFURLSessionManager.m */; };
		EAE20124196AB3D500EACD58 /* CarDetail.m in Sources */ = {isa = PBXBuildFile; fileRef = EAE20123196AB3D500EACD58 /* CarDetail.m */; };
		EAE544011963EDD6007AD46C /* CarUpdateController.m in Sources */ = {isa = PBXBuildFile; fileRef = EAE544001963EDD6007AD46C /* CarUpdateController.m */; };
		EAF1E24419615EE500D65F19 /* cellFindResult.m in Sources */ = {isa = PBXBuildFile; fileRef = EAF1E24319615EE500D65F19 /* cellFindResult.m */; };
		EAF52886197AE1AD00C56650 /* cellFavoriteCar.m in Sources */ = {isa = PBXBuildFile; fileRef = EAF52885197AE1AD00C56650 /* cellFavoriteCar.m */; };
		EAF7D06819609C3000C3A18B /* FindResultViewController.m in Sources */ = {isa = PBXBuildFile; fileRef = EAF7D06719609C3000C3A18B /* FindResultViewController.m */; };
		EAFD125B195C4D7C00DBF795 /* CarBrandViewController.m in Sources */ = {isa = PBXBuildFile; fileRef = EAFD125A195C4D7C00DBF795 /* CarBrandViewController.m */; };
/* End PBXBuildFile section */

/* Begin PBXContainerItemProxy section */
		EAC61FE5195A113500FEC7C7 /* PBXContainerItemProxy */ = {
			isa = PBXContainerItemProxy;
			containerPortal = EAC61FB1195A113500FEC7C7 /* Project object */;
			proxyType = 1;
			remoteGlobalIDString = EAC61FB8195A113500FEC7C7;
			remoteInfo = Unseen;
		};
/* End PBXContainerItemProxy section */

/* Begin PBXFileReference section */
		EA09B56A197941E4006CE0B5 /* blue-heart.png */ = {isa = PBXFileReference; lastKnownFileType = image.png; path = "blue-heart.png"; sourceTree = "<group>"; };
		EA09B56B197941E4006CE0B5 /* blue-heart@2x.png */ = {isa = PBXFileReference; lastKnownFileType = image.png; path = "blue-heart@2x.png"; sourceTree = "<group>"; };
		EA09B56E1979435A006CE0B5 /* FavoriteViewController.h */ = {isa = PBXFileReference; fileEncoding = 4; lastKnownFileType = sourcecode.c.h; name = FavoriteViewController.h; path = ../FavoriteViewController.h; sourceTree = "<group>"; };
		EA09B56F1979435A006CE0B5 /* FavoriteViewController.m */ = {isa = PBXFileReference; fileEncoding = 4; lastKnownFileType = sourcecode.c.objc; name = FavoriteViewController.m; path = ../FavoriteViewController.m; sourceTree = "<group>"; };
		EA09B5721979AFD7006CE0B5 /* FMDatabase.h */ = {isa = PBXFileReference; fileEncoding = 4; lastKnownFileType = sourcecode.c.h; path = FMDatabase.h; sourceTree = "<group>"; };
		EA09B5731979AFD7006CE0B5 /* FMDatabase.m */ = {isa = PBXFileReference; fileEncoding = 4; lastKnownFileType = sourcecode.c.objc; path = FMDatabase.m; sourceTree = "<group>"; };
		EA09B5741979AFD7006CE0B5 /* FMDatabaseAdditions.h */ = {isa = PBXFileReference; fileEncoding = 4; lastKnownFileType = sourcecode.c.h; path = FMDatabaseAdditions.h; sourceTree = "<group>"; };
		EA09B5751979AFD7006CE0B5 /* FMDatabaseAdditions.m */ = {isa = PBXFileReference; fileEncoding = 4; lastKnownFileType = sourcecode.c.objc; path = FMDatabaseAdditions.m; sourceTree = "<group>"; };
		EA09B5761979AFD7006CE0B5 /* FMDatabasePool.h */ = {isa = PBXFileReference; fileEncoding = 4; lastKnownFileType = sourcecode.c.h; path = FMDatabasePool.h; sourceTree = "<group>"; };
		EA09B5771979AFD7006CE0B5 /* FMDatabasePool.m */ = {isa = PBXFileReference; fileEncoding = 4; lastKnownFileType = sourcecode.c.objc; path = FMDatabasePool.m; sourceTree = "<group>"; };
		EA09B5781979AFD7006CE0B5 /* FMDatabaseQueue.h */ = {isa = PBXFileReference; fileEncoding = 4; lastKnownFileType = sourcecode.c.h; path = FMDatabaseQueue.h; sourceTree = "<group>"; };
		EA09B5791979AFD7006CE0B5 /* FMDatabaseQueue.m */ = {isa = PBXFileReference; fileEncoding = 4; lastKnownFileType = sourcecode.c.objc; path = FMDatabaseQueue.m; sourceTree = "<group>"; };
		EA09B57A1979AFD7006CE0B5 /* FMDB.h */ = {isa = PBXFileReference; fileEncoding = 4; lastKnownFileType = sourcecode.c.h; path = FMDB.h; sourceTree = "<group>"; };
		EA09B57B1979AFD7006CE0B5 /* FMResultSet.h */ = {isa = PBXFileReference; fileEncoding = 4; lastKnownFileType = sourcecode.c.h; path = FMResultSet.h; sourceTree = "<group>"; };
		EA09B57C1979AFD7006CE0B5 /* FMResultSet.m */ = {isa = PBXFileReference; fileEncoding = 4; lastKnownFileType = sourcecode.c.objc; path = FMResultSet.m; sourceTree = "<group>"; };
		EA09B5821979B033006CE0B5 /* libsqlite3.dylib */ = {isa = PBXFileReference; lastKnownFileType = "compiled.mach-o.dylib"; name = libsqlite3.dylib; path = usr/lib/libsqlite3.dylib; sourceTree = SDKROOT; };
		EA0AF3831971470D00D60F07 /* ImageIO.framework */ = {isa = PBXFileReference; lastKnownFileType = wrapper.framework; name = ImageIO.framework; path = System/Library/Frameworks/ImageIO.framework; sourceTree = SDKROOT; };
		EA0AF3E81971AE5000D60F07 /* MKAnnotationView+WebCache.h */ = {isa = PBXFileReference; fileEncoding = 4; lastKnownFileType = sourcecode.c.h; path = "MKAnnotationView+WebCache.h"; sourceTree = "<group>"; };
		EA0AF3E91971AE5000D60F07 /* MKAnnotationView+WebCache.m */ = {isa = PBXFileReference; fileEncoding = 4; lastKnownFileType = sourcecode.c.objc; path = "MKAnnotationView+WebCache.m"; sourceTree = "<group>"; };
		EA0AF3EA1971AE5000D60F07 /* NSData+GIF.h */ = {isa = PBXFileReference; fileEncoding = 4; lastKnownFileType = sourcecode.c.h; path = "NSData+GIF.h"; sourceTree = "<group>"; };
		EA0AF3EB1971AE5000D60F07 /* NSData+GIF.m */ = {isa = PBXFileReference; fileEncoding = 4; lastKnownFileType = sourcecode.c.objc; path = "NSData+GIF.m"; sourceTree = "<group>"; };
		EA0AF3EC1971AE5000D60F07 /* SDImageCache.h */ = {isa = PBXFileReference; fileEncoding = 4; lastKnownFileType = sourcecode.c.h; path = SDImageCache.h; sourceTree = "<group>"; };
		EA0AF3ED1971AE5000D60F07 /* SDImageCache.m */ = {isa = PBXFileReference; fileEncoding = 4; lastKnownFileType = sourcecode.c.objc; path = SDImageCache.m; sourceTree = "<group>"; };
		EA0AF3EE1971AE5000D60F07 /* SDWebImageCompat.h */ = {isa = PBXFileReference; fileEncoding = 4; lastKnownFileType = sourcecode.c.h; path = SDWebImageCompat.h; sourceTree = "<group>"; };
		EA0AF3EF1971AE5000D60F07 /* SDWebImageCompat.m */ = {isa = PBXFileReference; fileEncoding = 4; lastKnownFileType = sourcecode.c.objc; path = SDWebImageCompat.m; sourceTree = "<group>"; };
		EA0AF3F01971AE5000D60F07 /* SDWebImageDecoder.h */ = {isa = PBXFileReference; fileEncoding = 4; lastKnownFileType = sourcecode.c.h; path = SDWebImageDecoder.h; sourceTree = "<group>"; };
		EA0AF3F11971AE5000D60F07 /* SDWebImageDecoder.m */ = {isa = PBXFileReference; fileEncoding = 4; lastKnownFileType = sourcecode.c.objc; path = SDWebImageDecoder.m; sourceTree = "<group>"; };
		EA0AF3F21971AE5000D60F07 /* SDWebImageDownloader.h */ = {isa = PBXFileReference; fileEncoding = 4; lastKnownFileType = sourcecode.c.h; path = SDWebImageDownloader.h; sourceTree = "<group>"; };
		EA0AF3F31971AE5000D60F07 /* SDWebImageDownloader.m */ = {isa = PBXFileReference; fileEncoding = 4; lastKnownFileType = sourcecode.c.objc; path = SDWebImageDownloader.m; sourceTree = "<group>"; };
		EA0AF3F41971AE5000D60F07 /* SDWebImageDownloaderOperation.h */ = {isa = PBXFileReference; fileEncoding = 4; lastKnownFileType = sourcecode.c.h; path = SDWebImageDownloaderOperation.h; sourceTree = "<group>"; };
		EA0AF3F51971AE5000D60F07 /* SDWebImageDownloaderOperation.m */ = {isa = PBXFileReference; fileEncoding = 4; lastKnownFileType = sourcecode.c.objc; path = SDWebImageDownloaderOperation.m; sourceTree = "<group>"; };
		EA0AF3F61971AE5100D60F07 /* SDWebImageManager.h */ = {isa = PBXFileReference; fileEncoding = 4; lastKnownFileType = sourcecode.c.h; path = SDWebImageManager.h; sourceTree = "<group>"; };
		EA0AF3F71971AE5100D60F07 /* SDWebImageManager.m */ = {isa = PBXFileReference; fileEncoding = 4; lastKnownFileType = sourcecode.c.objc; path = SDWebImageManager.m; sourceTree = "<group>"; };
		EA0AF3F81971AE5100D60F07 /* SDWebImageOperation.h */ = {isa = PBXFileReference; fileEncoding = 4; lastKnownFileType = sourcecode.c.h; path = SDWebImageOperation.h; sourceTree = "<group>"; };
		EA0AF3F91971AE5100D60F07 /* SDWebImagePrefetcher.h */ = {isa = PBXFileReference; fileEncoding = 4; lastKnownFileType = sourcecode.c.h; path = SDWebImagePrefetcher.h; sourceTree = "<group>"; };
		EA0AF3FA1971AE5100D60F07 /* SDWebImagePrefetcher.m */ = {isa = PBXFileReference; fileEncoding = 4; lastKnownFileType = sourcecode.c.objc; path = SDWebImagePrefetcher.m; sourceTree = "<group>"; };
		EA0AF3FB1971AE5100D60F07 /* UIButton+WebCache.h */ = {isa = PBXFileReference; fileEncoding = 4; lastKnownFileType = sourcecode.c.h; path = "UIButton+WebCache.h"; sourceTree = "<group>"; };
		EA0AF3FC1971AE5100D60F07 /* UIButton+WebCache.m */ = {isa = PBXFileReference; fileEncoding = 4; lastKnownFileType = sourcecode.c.objc; path = "UIButton+WebCache.m"; sourceTree = "<group>"; };
		EA0AF3FD1971AE5100D60F07 /* UIImage+GIF.h */ = {isa = PBXFileReference; fileEncoding = 4; lastKnownFileType = sourcecode.c.h; path = "UIImage+GIF.h"; sourceTree = "<group>"; };
		EA0AF3FE1971AE5100D60F07 /* UIImage+GIF.m */ = {isa = PBXFileReference; fileEncoding = 4; lastKnownFileType = sourcecode.c.objc; path = "UIImage+GIF.m"; sourceTree = "<group>"; };
		EA0AF3FF1971AE5100D60F07 /* UIImage+MultiFormat.h */ = {isa = PBXFileReference; fileEncoding = 4; lastKnownFileType = sourcecode.c.h; path = "UIImage+MultiFormat.h"; sourceTree = "<group>"; };
		EA0AF4001971AE5100D60F07 /* UIImage+MultiFormat.m */ = {isa = PBXFileReference; fileEncoding = 4; lastKnownFileType = sourcecode.c.objc; path = "UIImage+MultiFormat.m"; sourceTree = "<group>"; };
		EA0AF4011971AE5100D60F07 /* UIImage+WebP.h */ = {isa = PBXFileReference; fileEncoding = 4; lastKnownFileType = sourcecode.c.h; path = "UIImage+WebP.h"; sourceTree = "<group>"; };
		EA0AF4021971AE5100D60F07 /* UIImage+WebP.m */ = {isa = PBXFileReference; fileEncoding = 4; lastKnownFileType = sourcecode.c.objc; path = "UIImage+WebP.m"; sourceTree = "<group>"; };
		EA0AF4031971AE5100D60F07 /* UIImageView+WebCache.h */ = {isa = PBXFileReference; fileEncoding = 4; lastKnownFileType = sourcecode.c.h; path = "UIImageView+WebCache.h"; sourceTree = "<group>"; };
		EA0AF4041971AE5100D60F07 /* UIImageView+WebCache.m */ = {isa = PBXFileReference; fileEncoding = 4; lastKnownFileType = sourcecode.c.objc; path = "UIImageView+WebCache.m"; sourceTree = "<group>"; };
		EA333E0F196BFEF90023C303 /* CarSubModelViewController.h */ = {isa = PBXFileReference; fileEncoding = 4; lastKnownFileType = sourcecode.c.h; path = CarSubModelViewController.h; sourceTree = "<group>"; };
		EA333E10196BFEF90023C303 /* CarSubModelViewController.m */ = {isa = PBXFileReference; fileEncoding = 4; lastKnownFileType = sourcecode.c.objc; path = CarSubModelViewController.m; sourceTree = "<group>"; };
		EA3D81CB1969DD5F00DC9C20 /* cellCarUpdate.h */ = {isa = PBXFileReference; fileEncoding = 4; lastKnownFileType = sourcecode.c.h; path = cellCarUpdate.h; sourceTree = "<group>"; };
		EA3D81CC1969DD5F00DC9C20 /* cellCarUpdate.m */ = {isa = PBXFileReference; fileEncoding = 4; lastKnownFileType = sourcecode.c.objc; path = cellCarUpdate.m; sourceTree = "<group>"; };
		EA463A39196313D70083EC6F /* CarDetailViewController.h */ = {isa = PBXFileReference; fileEncoding = 4; lastKnownFileType = sourcecode.c.h; path = CarDetailViewController.h; sourceTree = "<group>"; };
		EA6478341975B98000C46B95 /* CarDetailViewController.m */ = {isa = PBXFileReference; fileEncoding = 4; lastKnownFileType = sourcecode.c.objc; path = CarDetailViewController.m; sourceTree = "<group>"; };
		EA677A111967057B005A2845 /* CarGarlleryViewController.h */ = {isa = PBXFileReference; fileEncoding = 4; lastKnownFileType = sourcecode.c.h; path = CarGarlleryViewController.h; sourceTree = "<group>"; };
		EA677A121967057B005A2845 /* CarGarlleryViewController.m */ = {isa = PBXFileReference; fileEncoding = 4; lastKnownFileType = sourcecode.c.objc; path = CarGarlleryViewController.m; sourceTree = "<group>"; };
		EA8852C2197C355E00F22F8A /* logo.png */ = {isa = PBXFileReference; lastKnownFileType = image.png; path = logo.png; sourceTree = "<group>"; };
		EA8852C4197C37EC00F22F8A /* logoscreen.png */ = {isa = PBXFileReference; lastKnownFileType = image.png; path = logoscreen.png; sourceTree = "<group>"; };
		EA8852C6197C3BE200F22F8A /* contact.png */ = {isa = PBXFileReference; lastKnownFileType = image.png; path = contact.png; sourceTree = "<group>"; };
		EA8852C8197C3E3C00F22F8A /* top.png */ = {isa = PBXFileReference; lastKnownFileType = image.png; path = top.png; sourceTree = "<group>"; };
		EA88C31D195EBCD6007F7EAB /* CarModelViewController.h */ = {isa = PBXFileReference; fileEncoding = 4; lastKnownFileType = sourcecode.c.h; path = CarModelViewController.h; sourceTree = "<group>"; };
		EA88C31E195EBCD6007F7EAB /* CarModelViewController.m */ = {isa = PBXFileReference; fileEncoding = 4; lastKnownFileType = sourcecode.c.objc; path = CarModelViewController.m; sourceTree = "<group>"; };
		EA923D6B197B2E86006BC2B5 /* favorite_db.sqlite */ = {isa = PBXFileReference; lastKnownFileType = file; path = favorite_db.sqlite; sourceTree = "<group>"; };
		EA923D6C197B2E91006BC2B5 /* favorite_db.sqlite */ = {isa = PBXFileReference; lastKnownFileType = file; path = favorite_db.sqlite; sourceTree = "<group>"; };
		EAC248A9197272BF00C14C6C /* Reachability.h */ = {isa = PBXFileReference; fileEncoding = 4; lastKnownFileType = sourcecode.c.h; path = Reachability.h; sourceTree = "<group>"; };
		EAC248AA197272BF00C14C6C /* Reachability.m */ = {isa = PBXFileReference; fileEncoding = 4; lastKnownFileType = sourcecode.c.objc; path = Reachability.m; sourceTree = "<group>"; };
		EAC248AC197273B800C14C6C /* SystemConfiguration.framework */ = {isa = PBXFileReference; lastKnownFileType = wrapper.framework; name = SystemConfiguration.framework; path = System/Library/Frameworks/SystemConfiguration.framework; sourceTree = SDKROOT; };
		EAC61FB9195A113500FEC7C7 /* Unseen.app */ = {isa = PBXFileReference; explicitFileType = wrapper.application; includeInIndex = 0; path = Unseen.app; sourceTree = BUILT_PRODUCTS_DIR; };
		EAC61FBC195A113500FEC7C7 /* Foundation.framework */ = {isa = PBXFileReference; lastKnownFileType = wrapper.framework; name = Foundation.framework; path = System/Library/Frameworks/Foundation.framework; sourceTree = SDKROOT; };
		EAC61FBE195A113500FEC7C7 /* CoreGraphics.framework */ = {isa = PBXFileReference; lastKnownFileType = wrapper.framework; name = CoreGraphics.framework; path = System/Library/Frameworks/CoreGraphics.framework; sourceTree = SDKROOT; };
		EAC61FC0195A113500FEC7C7 /* UIKit.framework */ = {isa = PBXFileReference; lastKnownFileType = wrapper.framework; name = UIKit.framework; path = System/Library/Frameworks/UIKit.framework; sourceTree = SDKROOT; };
		EAC61FC4195A113500FEC7C7 /* Unseen-Info.plist */ = {isa = PBXFileReference; lastKnownFileType = text.plist.xml; path = "Unseen-Info.plist"; sourceTree = "<group>"; };
		EAC61FC6195A113500FEC7C7 /* en */ = {isa = PBXFileReference; lastKnownFileType = text.plist.strings; name = en; path = en.lproj/InfoPlist.strings; sourceTree = "<group>"; };
		EAC61FC8195A113500FEC7C7 /* main.m */ = {isa = PBXFileReference; lastKnownFileType = sourcecode.c.objc; path = main.m; sourceTree = "<group>"; };
		EAC61FCA195A113500FEC7C7 /* Unseen-Prefix.pch */ = {isa = PBXFileReference; lastKnownFileType = sourcecode.c.h; path = "Unseen-Prefix.pch"; sourceTree = "<group>"; };
		EAC61FCB195A113500FEC7C7 /* AppDelegate.h */ = {isa = PBXFileReference; lastKnownFileType = sourcecode.c.h; path = AppDelegate.h; sourceTree = "<group>"; };
		EAC61FCC195A113500FEC7C7 /* AppDelegate.m */ = {isa = PBXFileReference; lastKnownFileType = sourcecode.c.objc; path = AppDelegate.m; sourceTree = "<group>"; };
		EAC61FD2195A113500FEC7C7 /* Base */ = {isa = PBXFileReference; lastKnownFileType = file.storyboard; name = Base; path = Base.lproj/Main_iPad.storyboard; sourceTree = "<group>"; };
		EAC61FD4195A113500FEC7C7 /* FirstViewController.h */ = {isa = PBXFileReference; lastKnownFileType = sourcecode.c.h; path = FirstViewController.h; sourceTree = "<group>"; };
		EAC61FD5195A113500FEC7C7 /* FirstViewController.m */ = {isa = PBXFileReference; lastKnownFileType = sourcecode.c.objc; path = FirstViewController.m; sourceTree = "<group>"; };
		EAC61FD7195A113500FEC7C7 /* SecondViewController.h */ = {isa = PBXFileReference; lastKnownFileType = sourcecode.c.h; path = SecondViewController.h; sourceTree = "<group>"; };
		EAC61FD8195A113500FEC7C7 /* SecondViewController.m */ = {isa = PBXFileReference; lastKnownFileType = sourcecode.c.objc; path = SecondViewController.m; sourceTree = "<group>"; };
		EAC61FDA195A113500FEC7C7 /* Images.xcassets */ = {isa = PBXFileReference; lastKnownFileType = folder.assetcatalog; path = Images.xcassets; sourceTree = "<group>"; };
		EAC61FE0195A113500FEC7C7 /* UnseenTests.xctest */ = {isa = PBXFileReference; explicitFileType = wrapper.cfbundle; includeInIndex = 0; path = UnseenTests.xctest; sourceTree = BUILT_PRODUCTS_DIR; };
		EAC61FE1195A113500FEC7C7 /* XCTest.framework */ = {isa = PBXFileReference; lastKnownFileType = wrapper.framework; name = XCTest.framework; path = Library/Frameworks/XCTest.framework; sourceTree = DEVELOPER_DIR; };
		EAC61FE9195A113500FEC7C7 /* UnseenTests-Info.plist */ = {isa = PBXFileReference; lastKnownFileType = text.plist.xml; path = "UnseenTests-Info.plist"; sourceTree = "<group>"; };
		EAC61FEB195A113500FEC7C7 /* en */ = {isa = PBXFileReference; lastKnownFileType = text.plist.strings; name = en; path = en.lproj/InfoPlist.strings; sourceTree = "<group>"; };
		EAC61FED195A113500FEC7C7 /* UnseenTests.m */ = {isa = PBXFileReference; lastKnownFileType = sourcecode.c.objc; path = UnseenTests.m; sourceTree = "<group>"; };
		EAC91FB519670ED8004229ED /* Base */ = {isa = PBXFileReference; lastKnownFileType = file.storyboard; name = Base; path = Base.lproj/Main_iPhone.storyboard; sourceTree = "<group>"; };
		EAD50887195AE8AF00C23A83 /* CarFindViewController.h */ = {isa = PBXFileReference; fileEncoding = 4; lastKnownFileType = sourcecode.c.h; path = CarFindViewController.h; sourceTree = SOURCE_ROOT; };
		EAD50888195AE8AF00C23A83 /* CarFindViewController.m */ = {isa = PBXFileReference; fileEncoding = 4; lastKnownFileType = sourcecode.c.objc; path = CarFindViewController.m; sourceTree = SOURCE_ROOT; };
		EAD5088A195AEEE400C23A83 /* CarTypeViewController.h */ = {isa = PBXFileReference; fileEncoding = 4; lastKnownFileType = sourcecode.c.h; path = CarTypeViewController.h; sourceTree = SOURCE_ROOT; };
		EAD5088B195AEEE400C23A83 /* CarTypeViewController.m */ = {isa = PBXFileReference; fileEncoding = 4; lastKnownFileType = sourcecode.c.objc; path = CarTypeViewController.m; sourceTree = SOURCE_ROOT; };
		EAD59B4F19767736002585F1 /* EGOCache.h */ = {isa = PBXFileReference; fileEncoding = 4; lastKnownFileType = sourcecode.c.h; path = EGOCache.h; sourceTree = "<group>"; };
		EAD59B5019767736002585F1 /* EGOCache.m */ = {isa = PBXFileReference; fileEncoding = 4; lastKnownFileType = sourcecode.c.objc; path = EGOCache.m; sourceTree = "<group>"; };
		EAD59B531976779D002585F1 /* FSBasicImage.h */ = {isa = PBXFileReference; fileEncoding = 4; lastKnownFileType = sourcecode.c.h; path = FSBasicImage.h; sourceTree = "<group>"; };
		EAD59B541976779D002585F1 /* FSBasicImage.m */ = {isa = PBXFileReference; fileEncoding = 4; lastKnownFileType = sourcecode.c.objc; path = FSBasicImage.m; sourceTree = "<group>"; };
		EAD59B551976779D002585F1 /* FSBasicImageSource.h */ = {isa = PBXFileReference; fileEncoding = 4; lastKnownFileType = sourcecode.c.h; path = FSBasicImageSource.h; sourceTree = "<group>"; };
		EAD59B561976779D002585F1 /* FSBasicImageSource.m */ = {isa = PBXFileReference; fileEncoding = 4; lastKnownFileType = sourcecode.c.objc; path = FSBasicImageSource.m; sourceTree = "<group>"; };
		EAD59B571976779D002585F1 /* FSImage.h */ = {isa = PBXFileReference; fileEncoding = 4; lastKnownFileType = sourcecode.c.h; path = FSImage.h; sourceTree = "<group>"; };
		EAD59B581976779D002585F1 /* FSImageLoader.h */ = {isa = PBXFileReference; fileEncoding = 4; lastKnownFileType = sourcecode.c.h; path = FSImageLoader.h; sourceTree = "<group>"; };
		EAD59B591976779D002585F1 /* FSImageLoader.m */ = {isa = PBXFileReference; fileEncoding = 4; lastKnownFileType = sourcecode.c.objc; path = FSImageLoader.m; sourceTree = "<group>"; };
		EAD59B5A1976779D002585F1 /* FSImageScrollView.h */ = {isa = PBXFileReference; fileEncoding = 4; lastKnownFileType = sourcecode.c.h; path = FSImageScrollView.h; sourceTree = "<group>"; };
		EAD59B5B1976779D002585F1 /* FSImageScrollView.m */ = {isa = PBXFileReference; fileEncoding = 4; lastKnownFileType = sourcecode.c.objc; path = FSImageScrollView.m; sourceTree = "<group>"; };
		EAD59B5C1976779D002585F1 /* FSImageSource.h */ = {isa = PBXFileReference; fileEncoding = 4; lastKnownFileType = sourcecode.c.h; path = FSImageSource.h; sourceTree = "<group>"; };
		EAD59B5D1976779D002585F1 /* FSImageTitleView.h */ = {isa = PBXFileReference; fileEncoding = 4; lastKnownFileType = sourcecode.c.h; path = FSImageTitleView.h; sourceTree = "<group>"; };
		EAD59B5E1976779D002585F1 /* FSImageTitleView.m */ = {isa = PBXFileReference; fileEncoding = 4; lastKnownFileType = sourcecode.c.objc; path = FSImageTitleView.m; sourceTree = "<group>"; };
		EAD59B5F1976779D002585F1 /* FSImageView.h */ = {isa = PBXFileReference; fileEncoding = 4; lastKnownFileType = sourcecode.c.h; path = FSImageView.h; sourceTree = "<group>"; };
		EAD59B601976779D002585F1 /* FSImageView.m */ = {isa = PBXFileReference; fileEncoding = 4; lastKnownFileType = sourcecode.c.objc; path = FSImageView.m; sourceTree = "<group>"; };
		EAD59B611976779D002585F1 /* FSImageViewer-Prefix.pch */ = {isa = PBXFileReference; fileEncoding = 4; lastKnownFileType = sourcecode.c.h; path = "FSImageViewer-Prefix.pch"; sourceTree = "<group>"; };
		EAD59B621976779D002585F1 /* FSImageViewer.h */ = {isa = PBXFileReference; fileEncoding = 4; lastKnownFileType = sourcecode.c.h; path = FSImageViewer.h; sourceTree = "<group>"; };
		EAD59B631976779D002585F1 /* FSImageViewerViewController.h */ = {isa = PBXFileReference; fileEncoding = 4; lastKnownFileType = sourcecode.c.h; path = FSImageViewerViewController.h; sourceTree = "<group>"; };
		EAD59B641976779D002585F1 /* FSImageViewerViewController.m */ = {isa = PBXFileReference; fileEncoding = 4; lastKnownFileType = sourcecode.c.objc; path = FSImageViewerViewController.m; sourceTree = "<group>"; };
		EAD59B651976779D002585F1 /* FSPlaceholderImages.h */ = {isa = PBXFileReference; fileEncoding = 4; lastKnownFileType = sourcecode.c.h; path = FSPlaceholderImages.h; sourceTree = "<group>"; };
		EAD59B661976779D002585F1 /* FSPlaceholderImages.m */ = {isa = PBXFileReference; fileEncoding = 4; lastKnownFileType = sourcecode.c.objc; path = FSPlaceholderImages.m; sourceTree = "<group>"; };
		EAD59B671976779D002585F1 /* FSTitleView.h */ = {isa = PBXFileReference; fileEncoding = 4; lastKnownFileType = sourcecode.c.h; path = FSTitleView.h; sourceTree = "<group>"; };
		EAD59B71197679A1002585F1 /* AFHTTPRequestOperation.h */ = {isa = PBXFileReference; fileEncoding = 4; lastKnownFileType = sourcecode.c.h; path = AFHTTPRequestOperation.h; sourceTree = "<group>"; };
		EAD59B72197679A1002585F1 /* AFHTTPRequestOperation.m */ = {isa = PBXFileReference; fileEncoding = 4; lastKnownFileType = sourcecode.c.objc; path = AFHTTPRequestOperation.m; sourceTree = "<group>"; };
		EAD59B73197679A1002585F1 /* AFHTTPRequestOperationManager.h */ = {isa = PBXFileReference; fileEncoding = 4; lastKnownFileType = sourcecode.c.h; path = AFHTTPRequestOperationManager.h; sourceTree = "<group>"; };
		EAD59B74197679A1002585F1 /* AFHTTPRequestOperationManager.m */ = {isa = PBXFileReference; fileEncoding = 4; lastKnownFileType = sourcecode.c.objc; path = AFHTTPRequestOperationManager.m; sourceTree = "<group>"; };
		EAD59B75197679A1002585F1 /* AFHTTPSessionManager.h */ = {isa = PBXFileReference; fileEncoding = 4; lastKnownFileType = sourcecode.c.h; path = AFHTTPSessionManager.h; sourceTree = "<group>"; };
		EAD59B76197679A1002585F1 /* AFHTTPSessionManager.m */ = {isa = PBXFileReference; fileEncoding = 4; lastKnownFileType = sourcecode.c.objc; path = AFHTTPSessionManager.m; sourceTree = "<group>"; };
		EAD59B77197679A1002585F1 /* AFNetworking.h */ = {isa = PBXFileReference; fileEncoding = 4; lastKnownFileType = sourcecode.c.h; path = AFNetworking.h; sourceTree = "<group>"; };
		EAD59B78197679A1002585F1 /* AFNetworkReachabilityManager.h */ = {isa = PBXFileReference; fileEncoding = 4; lastKnownFileType = sourcecode.c.h; path = AFNetworkReachabilityManager.h; sourceTree = "<group>"; };
		EAD59B79197679A1002585F1 /* AFNetworkReachabilityManager.m */ = {isa = PBXFileReference; fileEncoding = 4; lastKnownFileType = sourcecode.c.objc; path = AFNetworkReachabilityManager.m; sourceTree = "<group>"; };
		EAD59B7A197679A1002585F1 /* AFSecurityPolicy.h */ = {isa = PBXFileReference; fileEncoding = 4; lastKnownFileType = sourcecode.c.h; path = AFSecurityPolicy.h; sourceTree = "<group>"; };
		EAD59B7B197679A1002585F1 /* AFSecurityPolicy.m */ = {isa = PBXFileReference; fileEncoding = 4; lastKnownFileType = sourcecode.c.objc; path = AFSecurityPolicy.m; sourceTree = "<group>"; };
		EAD59B7C197679A1002585F1 /* AFURLConnectionOperation.h */ = {isa = PBXFileReference; fileEncoding = 4; lastKnownFileType = sourcecode.c.h; path = AFURLConnectionOperation.h; sourceTree = "<group>"; };
		EAD59B7D197679A1002585F1 /* AFURLConnectionOperation.m */ = {isa = PBXFileReference; fileEncoding = 4; lastKnownFileType = sourcecode.c.objc; path = AFURLConnectionOperation.m; sourceTree = "<group>"; };
		EAD59B7E197679A1002585F1 /* AFURLRequestSerialization.h */ = {isa = PBXFileReference; fileEncoding = 4; lastKnownFileType = sourcecode.c.h; path = AFURLRequestSerialization.h; sourceTree = "<group>"; };
		EAD59B7F197679A1002585F1 /* AFURLRequestSerialization.m */ = {isa = PBXFileReference; fileEncoding = 4; lastKnownFileType = sourcecode.c.objc; path = AFURLRequestSerialization.m; sourceTree = "<group>"; };
		EAD59B80197679A1002585F1 /* AFURLResponseSerialization.h */ = {isa = PBXFileReference; fileEncoding = 4; lastKnownFileType = sourcecode.c.h; path = AFURLResponseSerialization.h; sourceTree = "<group>"; };
		EAD59B81197679A1002585F1 /* AFURLResponseSerialization.m */ = {isa = PBXFileReference; fileEncoding = 4; lastKnownFileType = sourcecode.c.objc; path = AFURLResponseSerialization.m; sourceTree = "<group>"; };
		EAD59B82197679A1002585F1 /* AFURLSessionManager.h */ = {isa = PBXFileReference; fileEncoding = 4; lastKnownFileType = sourcecode.c.h; path = AFURLSessionManager.h; sourceTree = "<group>"; };
		EAD59B83197679A1002585F1 /* AFURLSessionManager.m */ = {isa = PBXFileReference; fileEncoding = 4; lastKnownFileType = sourcecode.c.objc; path = AFURLSessionManager.m; sourceTree = "<group>"; };
		EAE20122196AB3D500EACD58 /* CarDetail.h */ = {isa = PBXFileReference; fileEncoding = 4; lastKnownFileType = sourcecode.c.h; path = CarDetail.h; sourceTree = "<group>"; };
		EAE20123196AB3D500EACD58 /* CarDetail.m */ = {isa = PBXFileReference; fileEncoding = 4; lastKnownFileType = sourcecode.c.objc; path = CarDetail.m; sourceTree = "<group>"; };
		EAE543FF1963EDD6007AD46C /* CarUpdateController.h */ = {isa = PBXFileReference; fileEncoding = 4; lastKnownFileType = sourcecode.c.h; path = CarUpdateController.h; sourceTree = "<group>"; };
		EAE544001963EDD6007AD46C /* CarUpdateController.m */ = {isa = PBXFileReference; fileEncoding = 4; lastKnownFileType = sourcecode.c.objc; path = CarUpdateController.m; sourceTree = "<group>"; };
		EAF1E24219615EE500D65F19 /* cellFindResult.h */ = {isa = PBXFileReference; fileEncoding = 4; lastKnownFileType = sourcecode.c.h; path = cellFindResult.h; sourceTree = "<group>"; };
		EAF1E24319615EE500D65F19 /* cellFindResult.m */ = {isa = PBXFileReference; fileEncoding = 4; lastKnownFileType = sourcecode.c.objc; path = cellFindResult.m; sourceTree = "<group>"; };
		EAF52884197AE1AD00C56650 /* cellFavoriteCar.h */ = {isa = PBXFileReference; fileEncoding = 4; lastKnownFileType = sourcecode.c.h; path = cellFavoriteCar.h; sourceTree = "<group>"; };
		EAF52885197AE1AD00C56650 /* cellFavoriteCar.m */ = {isa = PBXFileReference; fileEncoding = 4; lastKnownFileType = sourcecode.c.objc; path = cellFavoriteCar.m; sourceTree = "<group>"; };
		EAF7D06619609C3000C3A18B /* FindResultViewController.h */ = {isa = PBXFileReference; fileEncoding = 4; lastKnownFileType = sourcecode.c.h; path = FindResultViewController.h; sourceTree = "<group>"; };
		EAF7D06719609C3000C3A18B /* FindResultViewController.m */ = {isa = PBXFileReference; fileEncoding = 4; lastKnownFileType = sourcecode.c.objc; path = FindResultViewController.m; sourceTree = "<group>"; };
		EAFD1259195C4D7C00DBF795 /* CarBrandViewController.h */ = {isa = PBXFileReference; fileEncoding = 4; lastKnownFileType = sourcecode.c.h; path = CarBrandViewController.h; sourceTree = SOURCE_ROOT; };
		EAFD125A195C4D7C00DBF795 /* CarBrandViewController.m */ = {isa = PBXFileReference; fileEncoding = 4; lastKnownFileType = sourcecode.c.objc; path = CarBrandViewController.m; sourceTree = SOURCE_ROOT; };
/* End PBXFileReference section */

/* Begin PBXFrameworksBuildPhase section */
		EAC61FB6195A113500FEC7C7 /* Frameworks */ = {
			isa = PBXFrameworksBuildPhase;
			buildActionMask = 2147483647;
			files = (
				EA09B5831979B033006CE0B5 /* libsqlite3.dylib in Frameworks */,
				EAC248AD197273B800C14C6C /* SystemConfiguration.framework in Frameworks */,
				EA0AF3841971470D00D60F07 /* ImageIO.framework in Frameworks */,
				EAC61FBF195A113500FEC7C7 /* CoreGraphics.framework in Frameworks */,
				EAC61FC1195A113500FEC7C7 /* UIKit.framework in Frameworks */,
				EAC61FBD195A113500FEC7C7 /* Foundation.framework in Frameworks */,
			);
			runOnlyForDeploymentPostprocessing = 0;
		};
		EAC61FDD195A113500FEC7C7 /* Frameworks */ = {
			isa = PBXFrameworksBuildPhase;
			buildActionMask = 2147483647;
			files = (
				EAC61FE2195A113500FEC7C7 /* XCTest.framework in Frameworks */,
				EAC61FE4195A113500FEC7C7 /* UIKit.framework in Frameworks */,
				EAC61FE3195A113500FEC7C7 /* Foundation.framework in Frameworks */,
			);
			runOnlyForDeploymentPostprocessing = 0;
		};
/* End PBXFrameworksBuildPhase section */

/* Begin PBXGroup section */
		EA09B5711979AF86006CE0B5 /* FMDB */ = {
			isa = PBXGroup;
			children = (
				EA09B5721979AFD7006CE0B5 /* FMDatabase.h */,
				EA09B5731979AFD7006CE0B5 /* FMDatabase.m */,
				EA09B5741979AFD7006CE0B5 /* FMDatabaseAdditions.h */,
				EA09B5751979AFD7006CE0B5 /* FMDatabaseAdditions.m */,
				EA09B5761979AFD7006CE0B5 /* FMDatabasePool.h */,
				EA09B5771979AFD7006CE0B5 /* FMDatabasePool.m */,
				EA09B5781979AFD7006CE0B5 /* FMDatabaseQueue.h */,
				EA09B5791979AFD7006CE0B5 /* FMDatabaseQueue.m */,
				EA09B57A1979AFD7006CE0B5 /* FMDB.h */,
				EA09B57B1979AFD7006CE0B5 /* FMResultSet.h */,
				EA09B57C1979AFD7006CE0B5 /* FMResultSet.m */,
			);
			name = FMDB;
			sourceTree = "<group>";
		};
		EA0AF3891971619F00D60F07 /* image */ = {
			isa = PBXGroup;
			children = (
				EA09B56A197941E4006CE0B5 /* blue-heart.png */,
				EA8852C2197C355E00F22F8A /* logo.png */,
				EA8852C8197C3E3C00F22F8A /* top.png */,
				EA8852C6197C3BE200F22F8A /* contact.png */,
				EA8852C4197C37EC00F22F8A /* logoscreen.png */,
				EA09B56B197941E4006CE0B5 /* blue-heart@2x.png */,
			);
			name = image;
			sourceTree = "<group>";
		};
		EA0AF3E71971AE5000D60F07 /* SDWebImage */ = {
			isa = PBXGroup;
			children = (
				EA0AF3E81971AE5000D60F07 /* MKAnnotationView+WebCache.h */,
				EA0AF3E91971AE5000D60F07 /* MKAnnotationView+WebCache.m */,
				EA0AF3EA1971AE5000D60F07 /* NSData+GIF.h */,
				EA0AF3EB1971AE5000D60F07 /* NSData+GIF.m */,
				EA0AF3EC1971AE5000D60F07 /* SDImageCache.h */,
				EA0AF3ED1971AE5000D60F07 /* SDImageCache.m */,
				EA0AF3EE1971AE5000D60F07 /* SDWebImageCompat.h */,
				EA0AF3EF1971AE5000D60F07 /* SDWebImageCompat.m */,
				EA0AF3F01971AE5000D60F07 /* SDWebImageDecoder.h */,
				EA0AF3F11971AE5000D60F07 /* SDWebImageDecoder.m */,
				EA0AF3F21971AE5000D60F07 /* SDWebImageDownloader.h */,
				EA0AF3F31971AE5000D60F07 /* SDWebImageDownloader.m */,
				EA0AF3F41971AE5000D60F07 /* SDWebImageDownloaderOperation.h */,
				EA0AF3F51971AE5000D60F07 /* SDWebImageDownloaderOperation.m */,
				EA0AF3F61971AE5100D60F07 /* SDWebImageManager.h */,
				EA0AF3F71971AE5100D60F07 /* SDWebImageManager.m */,
				EA0AF3F81971AE5100D60F07 /* SDWebImageOperation.h */,
				EA0AF3F91971AE5100D60F07 /* SDWebImagePrefetcher.h */,
				EA0AF3FA1971AE5100D60F07 /* SDWebImagePrefetcher.m */,
				EA0AF3FB1971AE5100D60F07 /* UIButton+WebCache.h */,
				EA0AF3FC1971AE5100D60F07 /* UIButton+WebCache.m */,
				EA0AF3FD1971AE5100D60F07 /* UIImage+GIF.h */,
				EA0AF3FE1971AE5100D60F07 /* UIImage+GIF.m */,
				EA0AF3FF1971AE5100D60F07 /* UIImage+MultiFormat.h */,
				EA0AF4001971AE5100D60F07 /* UIImage+MultiFormat.m */,
				EA0AF4011971AE5100D60F07 /* UIImage+WebP.h */,
				EA0AF4021971AE5100D60F07 /* UIImage+WebP.m */,
				EA0AF4031971AE5100D60F07 /* UIImageView+WebCache.h */,
				EA0AF4041971AE5100D60F07 /* UIImageView+WebCache.m */,
			);
			path = SDWebImage;
			sourceTree = "<group>";
		};
		EAC248A81972728C00C14C6C /* Reachability */ = {
			isa = PBXGroup;
			children = (
				EAC248A9197272BF00C14C6C /* Reachability.h */,
				EAC248AA197272BF00C14C6C /* Reachability.m */,
			);
			name = Reachability;
			sourceTree = "<group>";
		};
		EAC61FB0195A113500FEC7C7 = {
			isa = PBXGroup;
			children = (
				EAC61FC2195A113500FEC7C7 /* Unseen */,
				EAC61FE7195A113500FEC7C7 /* UnseenTests */,
				EAC61FBB195A113500FEC7C7 /* Frameworks */,
				EAC61FBA195A113500FEC7C7 /* Products */,
			);
			sourceTree = "<group>";
		};
		EAC61FBA195A113500FEC7C7 /* Products */ = {
			isa = PBXGroup;
			children = (
				EAC61FB9195A113500FEC7C7 /* Unseen.app */,
				EAC61FE0195A113500FEC7C7 /* UnseenTests.xctest */,
			);
			name = Products;
			sourceTree = "<group>";
		};
		EAC61FBB195A113500FEC7C7 /* Frameworks */ = {
			isa = PBXGroup;
			children = (
				EA923D6C197B2E91006BC2B5 /* favorite_db.sqlite */,
				EA09B5821979B033006CE0B5 /* libsqlite3.dylib */,
				EAC248AC197273B800C14C6C /* SystemConfiguration.framework */,
				EA0AF3831971470D00D60F07 /* ImageIO.framework */,
				EAC61FBC195A113500FEC7C7 /* Foundation.framework */,
				EAC61FBE195A113500FEC7C7 /* CoreGraphics.framework */,
				EAC61FC0195A113500FEC7C7 /* UIKit.framework */,
				EAC61FE1195A113500FEC7C7 /* XCTest.framework */,
			);
			name = Frameworks;
			sourceTree = "<group>";
		};
		EAC61FC2195A113500FEC7C7 /* Unseen */ = {
			isa = PBXGroup;
			children = (
				EAF5287F197AC95C00C56650 /* Db */,
				EAF5287E197AC92900C56650 /* Lib */,
				EA0AF3891971619F00D60F07 /* image */,
				EAC61FCB195A113500FEC7C7 /* AppDelegate.h */,
				EAC61FCC195A113500FEC7C7 /* AppDelegate.m */,
				EAC91FB419670ED8004229ED /* Main_iPhone.storyboard */,
				EA333E0F196BFEF90023C303 /* CarSubModelViewController.h */,
				EA333E10196BFEF90023C303 /* CarSubModelViewController.m */,
				EA677A111967057B005A2845 /* CarGarlleryViewController.h */,
				EA677A121967057B005A2845 /* CarGarlleryViewController.m */,
				EA463A39196313D70083EC6F /* CarDetailViewController.h */,
				EA6478341975B98000C46B95 /* CarDetailViewController.m */,
				EA09B56E1979435A006CE0B5 /* FavoriteViewController.h */,
				EA09B56F1979435A006CE0B5 /* FavoriteViewController.m */,
				EAE20122196AB3D500EACD58 /* CarDetail.h */,
				EAE20123196AB3D500EACD58 /* CarDetail.m */,
				EAE543FF1963EDD6007AD46C /* CarUpdateController.h */,
				EAE544001963EDD6007AD46C /* CarUpdateController.m */,
				EAF52884197AE1AD00C56650 /* cellFavoriteCar.h */,
				EAF52885197AE1AD00C56650 /* cellFavoriteCar.m */,
				EA3D81CB1969DD5F00DC9C20 /* cellCarUpdate.h */,
				EA3D81CC1969DD5F00DC9C20 /* cellCarUpdate.m */,
				EAF1E24219615EE500D65F19 /* cellFindResult.h */,
				EAF1E24319615EE500D65F19 /* cellFindResult.m */,
				EAF7D06619609C3000C3A18B /* FindResultViewController.h */,
				EAF7D06719609C3000C3A18B /* FindResultViewController.m */,
				EAD5088A195AEEE400C23A83 /* CarTypeViewController.h */,
				EAD5088B195AEEE400C23A83 /* CarTypeViewController.m */,
				EAD50887195AE8AF00C23A83 /* CarFindViewController.h */,
				EAD50888195AE8AF00C23A83 /* CarFindViewController.m */,
				EAC61FD1195A113500FEC7C7 /* Main_iPad.storyboard */,
				EAFD1259195C4D7C00DBF795 /* CarBrandViewController.h */,
				EAFD125A195C4D7C00DBF795 /* CarBrandViewController.m */,
				EA88C31D195EBCD6007F7EAB /* CarModelViewController.h */,
				EA88C31E195EBCD6007F7EAB /* CarModelViewController.m */,
				EAC61FD4195A113500FEC7C7 /* FirstViewController.h */,
				EAC61FD5195A113500FEC7C7 /* FirstViewController.m */,
				EAC61FD7195A113500FEC7C7 /* SecondViewController.h */,
				EAC61FD8195A113500FEC7C7 /* SecondViewController.m */,
				EAC61FDA195A113500FEC7C7 /* Images.xcassets */,
				EAC61FC3195A113500FEC7C7 /* Supporting Files */,
			);
			path = Unseen;
			sourceTree = "<group>";
		};
		EAC61FC3195A113500FEC7C7 /* Supporting Files */ = {
			isa = PBXGroup;
			children = (
				EAC61FC4195A113500FEC7C7 /* Unseen-Info.plist */,
				EAC61FC5195A113500FEC7C7 /* InfoPlist.strings */,
				EAC61FC8195A113500FEC7C7 /* main.m */,
				EAC61FCA195A113500FEC7C7 /* Unseen-Prefix.pch */,
			);
			name = "Supporting Files";
			sourceTree = "<group>";
		};
		EAC61FE7195A113500FEC7C7 /* UnseenTests */ = {
			isa = PBXGroup;
			children = (
				EAC61FED195A113500FEC7C7 /* UnseenTests.m */,
				EAC61FE8195A113500FEC7C7 /* Supporting Files */,
			);
			path = UnseenTests;
			sourceTree = "<group>";
		};
		EAC61FE8195A113500FEC7C7 /* Supporting Files */ = {
			isa = PBXGroup;
			children = (
				EAC61FE9195A113500FEC7C7 /* UnseenTests-Info.plist */,
				EAC61FEA195A113500FEC7C7 /* InfoPlist.strings */,
			);
			name = "Supporting Files";
			sourceTree = "<group>";
		};
		EAD59B4E19767716002585F1 /* EGOCache */ = {
			isa = PBXGroup;
			children = (
				EAD59B4F19767736002585F1 /* EGOCache.h */,
				EAD59B5019767736002585F1 /* EGOCache.m */,
			);
			name = EGOCache;
			sourceTree = "<group>";
		};
		EAD59B521976779D002585F1 /* FSImageViewer */ = {
			isa = PBXGroup;
			children = (
				EAD59B531976779D002585F1 /* FSBasicImage.h */,
				EAD59B541976779D002585F1 /* FSBasicImage.m */,
				EAD59B551976779D002585F1 /* FSBasicImageSource.h */,
				EAD59B561976779D002585F1 /* FSBasicImageSource.m */,
				EAD59B571976779D002585F1 /* FSImage.h */,
				EAD59B581976779D002585F1 /* FSImageLoader.h */,
				EAD59B591976779D002585F1 /* FSImageLoader.m */,
				EAD59B5A1976779D002585F1 /* FSImageScrollView.h */,
				EAD59B5B1976779D002585F1 /* FSImageScrollView.m */,
				EAD59B5C1976779D002585F1 /* FSImageSource.h */,
				EAD59B5D1976779D002585F1 /* FSImageTitleView.h */,
				EAD59B5E1976779D002585F1 /* FSImageTitleView.m */,
				EAD59B5F1976779D002585F1 /* FSImageView.h */,
				EAD59B601976779D002585F1 /* FSImageView.m */,
				EAD59B611976779D002585F1 /* FSImageViewer-Prefix.pch */,
				EAD59B621976779D002585F1 /* FSImageViewer.h */,
				EAD59B631976779D002585F1 /* FSImageViewerViewController.h */,
				EAD59B641976779D002585F1 /* FSImageViewerViewController.m */,
				EAD59B651976779D002585F1 /* FSPlaceholderImages.h */,
				EAD59B661976779D002585F1 /* FSPlaceholderImages.m */,
				EAD59B671976779D002585F1 /* FSTitleView.h */,
			);
			path = FSImageViewer;
			sourceTree = "<group>";
		};
		EAD59B70197679A1002585F1 /* AFNetworking */ = {
			isa = PBXGroup;
			children = (
				EAD59B71197679A1002585F1 /* AFHTTPRequestOperation.h */,
				EAD59B72197679A1002585F1 /* AFHTTPRequestOperation.m */,
				EAD59B73197679A1002585F1 /* AFHTTPRequestOperationManager.h */,
				EAD59B74197679A1002585F1 /* AFHTTPRequestOperationManager.m */,
				EAD59B75197679A1002585F1 /* AFHTTPSessionManager.h */,
				EAD59B76197679A1002585F1 /* AFHTTPSessionManager.m */,
				EAD59B77197679A1002585F1 /* AFNetworking.h */,
				EAD59B78197679A1002585F1 /* AFNetworkReachabilityManager.h */,
				EAD59B79197679A1002585F1 /* AFNetworkReachabilityManager.m */,
				EAD59B7A197679A1002585F1 /* AFSecurityPolicy.h */,
				EAD59B7B197679A1002585F1 /* AFSecurityPolicy.m */,
				EAD59B7C197679A1002585F1 /* AFURLConnectionOperation.h */,
				EAD59B7D197679A1002585F1 /* AFURLConnectionOperation.m */,
				EAD59B7E197679A1002585F1 /* AFURLRequestSerialization.h */,
				EAD59B7F197679A1002585F1 /* AFURLRequestSerialization.m */,
				EAD59B80197679A1002585F1 /* AFURLResponseSerialization.h */,
				EAD59B81197679A1002585F1 /* AFURLResponseSerialization.m */,
				EAD59B82197679A1002585F1 /* AFURLSessionManager.h */,
				EAD59B83197679A1002585F1 /* AFURLSessionManager.m */,
			);
			path = AFNetworking;
			sourceTree = "<group>";
		};
		EAF5287E197AC92900C56650 /* Lib */ = {
			isa = PBXGroup;
			children = (
				EAD59B521976779D002585F1 /* FSImageViewer */,
				EAC248A81972728C00C14C6C /* Reachability */,
				EA0AF3E71971AE5000D60F07 /* SDWebImage */,
				EAD59B70197679A1002585F1 /* AFNetworking */,
				EAD59B4E19767716002585F1 /* EGOCache */,
				EA09B5711979AF86006CE0B5 /* FMDB */,
			);
			name = Lib;
			sourceTree = "<group>";
		};
		EAF5287F197AC95C00C56650 /* Db */ = {
			isa = PBXGroup;
			children = (
				EA923D6B197B2E86006BC2B5 /* favorite_db.sqlite */,
			);
			name = Db;
			sourceTree = "<group>";
		};
/* End PBXGroup section */

/* Begin PBXNativeTarget section */
		EAC61FB8195A113500FEC7C7 /* Unseen */ = {
			isa = PBXNativeTarget;
			buildConfigurationList = EAC61FF1195A113500FEC7C7 /* Build configuration list for PBXNativeTarget "Unseen" */;
			buildPhases = (
				EAC61FB5195A113500FEC7C7 /* Sources */,
				EAC61FB6195A113500FEC7C7 /* Frameworks */,
				EAC61FB7195A113500FEC7C7 /* Resources */,
			);
			buildRules = (
			);
			dependencies = (
			);
			name = Unseen;
			productName = Unseen;
			productReference = EAC61FB9195A113500FEC7C7 /* Unseen.app */;
			productType = "com.apple.product-type.application";
		};
		EAC61FDF195A113500FEC7C7 /* UnseenTests */ = {
			isa = PBXNativeTarget;
			buildConfigurationList = EAC61FF4195A113500FEC7C7 /* Build configuration list for PBXNativeTarget "UnseenTests" */;
			buildPhases = (
				EAC61FDC195A113500FEC7C7 /* Sources */,
				EAC61FDD195A113500FEC7C7 /* Frameworks */,
				EAC61FDE195A113500FEC7C7 /* Resources */,
			);
			buildRules = (
			);
			dependencies = (
				EAC61FE6195A113500FEC7C7 /* PBXTargetDependency */,
			);
			name = UnseenTests;
			productName = UnseenTests;
			productReference = EAC61FE0195A113500FEC7C7 /* UnseenTests.xctest */;
			productType = "com.apple.product-type.bundle.unit-test";
		};
/* End PBXNativeTarget section */

/* Begin PBXProject section */
		EAC61FB1195A113500FEC7C7 /* Project object */ = {
			isa = PBXProject;
			attributes = {
				LastUpgradeCheck = 0510;
				ORGANIZATIONNAME = Unseencar;
				TargetAttributes = {
					EAC61FDF195A113500FEC7C7 = {
						TestTargetID = EAC61FB8195A113500FEC7C7;
					};
				};
			};
			buildConfigurationList = EAC61FB4195A113500FEC7C7 /* Build configuration list for PBXProject "Unseen" */;
			compatibilityVersion = "Xcode 3.2";
			developmentRegion = English;
			hasScannedForEncodings = 0;
			knownRegions = (
				en,
				Base,
			);
			mainGroup = EAC61FB0195A113500FEC7C7;
			productRefGroup = EAC61FBA195A113500FEC7C7 /* Products */;
			projectDirPath = "";
			projectRoot = "";
			targets = (
				EAC61FB8195A113500FEC7C7 /* Unseen */,
				EAC61FDF195A113500FEC7C7 /* UnseenTests */,
			);
		};
/* End PBXProject section */

/* Begin PBXResourcesBuildPhase section */
		EAC61FB7195A113500FEC7C7 /* Resources */ = {
			isa = PBXResourcesBuildPhase;
			buildActionMask = 2147483647;
			files = (
				EAC91FB619670ED8004229ED /* Main_iPhone.storyboard in Resources */,
				EA09B56C197941E4006CE0B5 /* blue-heart.png in Resources */,
				EAC61FD3195A113500FEC7C7 /* Main_iPad.storyboard in Resources */,
				EA8852C9197C3E3C00F22F8A /* top.png in Resources */,
				EAC61FDB195A113500FEC7C7 /* Images.xcassets in Resources */,
				EA8852C3197C355E00F22F8A /* logo.png in Resources */,
				EA8852C5197C37EC00F22F8A /* logoscreen.png in Resources */,
				EA8852C7197C3BE200F22F8A /* contact.png in Resources */,
				EA09B56D197941E4006CE0B5 /* blue-heart@2x.png in Resources */,
				EAC61FC7195A113500FEC7C7 /* InfoPlist.strings in Resources */,
			);
			runOnlyForDeploymentPostprocessing = 0;
		};
		EAC61FDE195A113500FEC7C7 /* Resources */ = {
			isa = PBXResourcesBuildPhase;
			buildActionMask = 2147483647;
			files = (
				EAC61FEC195A113500FEC7C7 /* InfoPlist.strings in Resources */,
			);
			runOnlyForDeploymentPostprocessing = 0;
		};
/* End PBXResourcesBuildPhase section */

/* Begin PBXSourcesBuildPhase section */
		EAC61FB5195A113500FEC7C7 /* Sources */ = {
			isa = PBXSourcesBuildPhase;
			buildActionMask = 2147483647;
			files = (
				EAD59B6C1976779D002585F1 /* FSImageTitleView.m in Sources */,
				EAD59B88197679A1002585F1 /* AFSecurityPolicy.m in Sources */,
				EAD59B6D1976779D002585F1 /* FSImageView.m in Sources */,
				EA0AF40F1971AE5100D60F07 /* UIImage+GIF.m in Sources */,
				EAC61FD9195A113500FEC7C7 /* SecondViewController.m in Sources */,
				EA0AF4121971AE5100D60F07 /* UIImageView+WebCache.m in Sources */,
				EAF1E24419615EE500D65F19 /* cellFindResult.m in Sources */,
				EA88C31F195EBCD6007F7EAB /* CarModelViewController.m in Sources */,
				EA3D81CD1969DD5F00DC9C20 /* cellCarUpdate.m in Sources */,
				EA0AF4111971AE5100D60F07 /* UIImage+WebP.m in Sources */,
				EA6478351975B98000C46B95 /* CarDetailViewController.m in Sources */,
				EAC61FCD195A113500FEC7C7 /* AppDelegate.m in Sources */,
				EAC61FD6195A113500FEC7C7 /* FirstViewController.m in Sources */,
				EA0AF4091971AE5100D60F07 /* SDWebImageDecoder.m in Sources */,
				EAC248AB197272BF00C14C6C /* Reachability.m in Sources */,
				EAFD125B195C4D7C00DBF795 /* CarBrandViewController.m in Sources */,
				EA0AF40E1971AE5100D60F07 /* UIButton+WebCache.m in Sources */,
				EA0AF40C1971AE5100D60F07 /* SDWebImageManager.m in Sources */,
				EA333E11196BFEF90023C303 /* CarSubModelViewController.m in Sources */,
				EA09B5811979AFD7006CE0B5 /* FMResultSet.m in Sources */,
				EAD59B6B1976779D002585F1 /* FSImageScrollView.m in Sources */,
				EAD59B6A1976779D002585F1 /* FSImageLoader.m in Sources */,
				EA09B57D1979AFD7006CE0B5 /* FMDatabase.m in Sources */,
				EAF7D06819609C3000C3A18B /* FindResultViewController.m in Sources */,
				EAD5088C195AEEE400C23A83 /* CarTypeViewController.m in Sources */,
				EAE544011963EDD6007AD46C /* CarUpdateController.m in Sources */,
				EAF52886197AE1AD00C56650 /* cellFavoriteCar.m in Sources */,
				EAC61FC9195A113500FEC7C7 /* main.m in Sources */,
				EAD59B691976779D002585F1 /* FSBasicImageSource.m in Sources */,
				EAD59B5119767736002585F1 /* EGOCache.m in Sources */,
				EAD59B6F1976779D002585F1 /* FSPlaceholderImages.m in Sources */,
				EAD59B681976779D002585F1 /* FSBasicImage.m in Sources */,
				EA0AF40A1971AE5100D60F07 /* SDWebImageDownloader.m in Sources */,
				EAD59B6E1976779D002585F1 /* FSImageViewerViewController.m in Sources */,
				EAD59B8A197679A1002585F1 /* AFURLRequestSerialization.m in Sources */,
				EA0AF40D1971AE5100D60F07 /* SDWebImagePrefetcher.m in Sources */,
				EA0AF4061971AE5100D60F07 /* NSData+GIF.m in Sources */,
				EAD59B85197679A1002585F1 /* AFHTTPRequestOperationManager.m in Sources */,
				EA0AF4071971AE5100D60F07 /* SDImageCache.m in Sources */,
				EA0AF40B1971AE5100D60F07 /* SDWebImageDownloaderOperation.m in Sources */,
				EAD59B89197679A1002585F1 /* AFURLConnectionOperation.m in Sources */,
				EAD59B8C197679A1002585F1 /* AFURLSessionManager.m in Sources */,
				EAD59B84197679A1002585F1 /* AFHTTPRequestOperation.m in Sources */,
				EA09B5701979435A006CE0B5 /* FavoriteViewController.m in Sources */,
				EAD50889195AE8AF00C23A83 /* CarFindViewController.m in Sources */,
				EA0AF4051971AE5100D60F07 /* MKAnnotationView+WebCache.m in Sources */,
				EA0AF4101971AE5100D60F07 /* UIImage+MultiFormat.m in Sources */,
				EA0AF4081971AE5100D60F07 /* SDWebImageCompat.m in Sources */,
				EAD59B86197679A1002585F1 /* AFHTTPSessionManager.m in Sources */,
				EA09B57E1979AFD7006CE0B5 /* FMDatabaseAdditions.m in Sources */,
				EA677A131967057B005A2845 /* CarGarlleryViewController.m in Sources */,
				EA09B57F1979AFD7006CE0B5 /* FMDatabasePool.m in Sources */,
				EAD59B87197679A1002585F1 /* AFNetworkReachabilityManager.m in Sources */,
				EAD59B8B197679A1002585F1 /* AFURLResponseSerialization.m in Sources */,
				EAE20124196AB3D500EACD58 /* CarDetail.m in Sources */,
				EA09B5801979AFD7006CE0B5 /* FMDatabaseQueue.m in Sources */,
			);
			runOnlyForDeploymentPostprocessing = 0;
		};
		EAC61FDC195A113500FEC7C7 /* Sources */ = {
			isa = PBXSourcesBuildPhase;
			buildActionMask = 2147483647;
			files = (
				EAC61FEE195A113500FEC7C7 /* UnseenTests.m in Sources */,
			);
			runOnlyForDeploymentPostprocessing = 0;
		};
/* End PBXSourcesBuildPhase section */

/* Begin PBXTargetDependency section */
		EAC61FE6195A113500FEC7C7 /* PBXTargetDependency */ = {
			isa = PBXTargetDependency;
			target = EAC61FB8195A113500FEC7C7 /* Unseen */;
			targetProxy = EAC61FE5195A113500FEC7C7 /* PBXContainerItemProxy */;
		};
/* End PBXTargetDependency section */

/* Begin PBXVariantGroup section */
		EAC61FC5195A113500FEC7C7 /* InfoPlist.strings */ = {
			isa = PBXVariantGroup;
			children = (
				EAC61FC6195A113500FEC7C7 /* en */,
			);
			name = InfoPlist.strings;
			sourceTree = "<group>";
		};
		EAC61FD1195A113500FEC7C7 /* Main_iPad.storyboard */ = {
			isa = PBXVariantGroup;
			children = (
				EAC61FD2195A113500FEC7C7 /* Base */,
			);
			name = Main_iPad.storyboard;
			sourceTree = "<group>";
		};
		EAC61FEA195A113500FEC7C7 /* InfoPlist.strings */ = {
			isa = PBXVariantGroup;
			children = (
				EAC61FEB195A113500FEC7C7 /* en */,
			);
			name = InfoPlist.strings;
			sourceTree = "<group>";
		};
		EAC91FB419670ED8004229ED /* Main_iPhone.storyboard */ = {
			isa = PBXVariantGroup;
			children = (
				EAC91FB519670ED8004229ED /* Base */,
			);
			name = Main_iPhone.storyboard;
			sourceTree = "<group>";
		};
/* End PBXVariantGroup section */

/* Begin XCBuildConfiguration section */
		EAC61FEF195A113500FEC7C7 /* Debug */ = {
			isa = XCBuildConfiguration;
			buildSettings = {
				ALWAYS_SEARCH_USER_PATHS = NO;
				CLANG_CXX_LANGUAGE_STANDARD = "gnu++0x";
				CLANG_CXX_LIBRARY = "libc++";
				CLANG_ENABLE_MODULES = YES;
				CLANG_ENABLE_OBJC_ARC = YES;
				CLANG_WARN_BOOL_CONVERSION = YES;
				CLANG_WARN_CONSTANT_CONVERSION = YES;
				CLANG_WARN_DIRECT_OBJC_ISA_USAGE = YES_ERROR;
				CLANG_WARN_EMPTY_BODY = YES;
				CLANG_WARN_ENUM_CONVERSION = YES;
				CLANG_WARN_INT_CONVERSION = YES;
				CLANG_WARN_OBJC_ROOT_CLASS = YES_ERROR;
				CLANG_WARN__DUPLICATE_METHOD_MATCH = YES;
				"CODE_SIGN_IDENTITY[sdk=iphoneos*]" = "iPhone Developer";
				COPY_PHASE_STRIP = NO;
				GCC_C_LANGUAGE_STANDARD = gnu99;
				GCC_DYNAMIC_NO_PIC = NO;
				GCC_OPTIMIZATION_LEVEL = 0;
				GCC_PREPROCESSOR_DEFINITIONS = (
					"DEBUG=1",
					"$(inherited)",
				);
				GCC_SYMBOLS_PRIVATE_EXTERN = NO;
				GCC_WARN_64_TO_32_BIT_CONVERSION = YES;
				GCC_WARN_ABOUT_RETURN_TYPE = YES_ERROR;
				GCC_WARN_UNDECLARED_SELECTOR = YES;
				GCC_WARN_UNINITIALIZED_AUTOS = YES_AGGRESSIVE;
				GCC_WARN_UNUSED_FUNCTION = YES;
				GCC_WARN_UNUSED_VARIABLE = YES;
				IPHONEOS_DEPLOYMENT_TARGET = 7.1;
				ONLY_ACTIVE_ARCH = YES;
				SDKROOT = iphoneos;
				TARGETED_DEVICE_FAMILY = "1,2";
			};
			name = Debug;
		};
		EAC61FF0195A113500FEC7C7 /* Release */ = {
			isa = XCBuildConfiguration;
			buildSettings = {
				ALWAYS_SEARCH_USER_PATHS = NO;
				CLANG_CXX_LANGUAGE_STANDARD = "gnu++0x";
				CLANG_CXX_LIBRARY = "libc++";
				CLANG_ENABLE_MODULES = YES;
				CLANG_ENABLE_OBJC_ARC = YES;
				CLANG_WARN_BOOL_CONVERSION = YES;
				CLANG_WARN_CONSTANT_CONVERSION = YES;
				CLANG_WARN_DIRECT_OBJC_ISA_USAGE = YES_ERROR;
				CLANG_WARN_EMPTY_BODY = YES;
				CLANG_WARN_ENUM_CONVERSION = YES;
				CLANG_WARN_INT_CONVERSION = YES;
				CLANG_WARN_OBJC_ROOT_CLASS = YES_ERROR;
				CLANG_WARN__DUPLICATE_METHOD_MATCH = YES;
				"CODE_SIGN_IDENTITY[sdk=iphoneos*]" = "iPhone Developer";
				COPY_PHASE_STRIP = YES;
				ENABLE_NS_ASSERTIONS = NO;
				GCC_C_LANGUAGE_STANDARD = gnu99;
				GCC_WARN_64_TO_32_BIT_CONVERSION = YES;
				GCC_WARN_ABOUT_RETURN_TYPE = YES_ERROR;
				GCC_WARN_UNDECLARED_SELECTOR = YES;
				GCC_WARN_UNINITIALIZED_AUTOS = YES_AGGRESSIVE;
				GCC_WARN_UNUSED_FUNCTION = YES;
				GCC_WARN_UNUSED_VARIABLE = YES;
				IPHONEOS_DEPLOYMENT_TARGET = 7.1;
				SDKROOT = iphoneos;
				TARGETED_DEVICE_FAMILY = "1,2";
				VALIDATE_PRODUCT = YES;
			};
			name = Release;
		};
		EAC61FF2195A113500FEC7C7 /* Debug */ = {
			isa = XCBuildConfiguration;
			buildSettings = {
				ASSETCATALOG_COMPILER_APPICON_NAME = AppIcon;
				ASSETCATALOG_COMPILER_LAUNCHIMAGE_NAME = LaunchImage;
				FRAMEWORK_SEARCH_PATHS = (
					"$(inherited)",
					"$(PROJECT_DIR)/Unseen",
					"$(PROJECT_DIR)",
					/Users/tony/Downloads,
				);
				GCC_PRECOMPILE_PREFIX_HEADER = YES;
				GCC_PREFIX_HEADER = "Unseen/Unseen-Prefix.pch";
				INFOPLIST_FILE = "Unseen/Unseen-Info.plist";
				IPHONEOS_DEPLOYMENT_TARGET = 7.0;
				New_Setting = "";
				OTHER_LDFLAGS = "-ObjC";
				"OTHER_LDFLAGS[arch=*]" = "";
				PRODUCT_NAME = "$(TARGET_NAME)";
				TARGETED_DEVICE_FAMILY = "1,2";
				WRAPPER_EXTENSION = app;
			};
			name = Debug;
		};
		EAC61FF3195A113500FEC7C7 /* Release */ = {
			isa = XCBuildConfiguration;
			buildSettings = {
				ASSETCATALOG_COMPILER_APPICON_NAME = AppIcon;
				ASSETCATALOG_COMPILER_LAUNCHIMAGE_NAME = LaunchImage;
				FRAMEWORK_SEARCH_PATHS = (
					"$(inherited)",
					"$(PROJECT_DIR)/Unseen",
					"$(PROJECT_DIR)",
					/Users/tony/Downloads,
				);
				GCC_PRECOMPILE_PREFIX_HEADER = YES;
				GCC_PREFIX_HEADER = "Unseen/Unseen-Prefix.pch";
				INFOPLIST_FILE = "Unseen/Unseen-Info.plist";
				IPHONEOS_DEPLOYMENT_TARGET = 7.0;
				New_Setting = "";
				OTHER_LDFLAGS = "-ObjC";
				PRODUCT_NAME = "$(TARGET_NAME)";
				TARGETED_DEVICE_FAMILY = "1,2";
				WRAPPER_EXTENSION = app;
			};
			name = Release;
		};
		EAC61FF5195A113500FEC7C7 /* Debug */ = {
			isa = XCBuildConfiguration;
			buildSettings = {
				BUNDLE_LOADER = "$(BUILT_PRODUCTS_DIR)/Unseen.app/Unseen";
				FRAMEWORK_SEARCH_PATHS = (
					"$(SDKROOT)/Developer/Library/Frameworks",
					"$(inherited)",
					"$(DEVELOPER_FRAMEWORKS_DIR)",
				);
				GCC_PRECOMPILE_PREFIX_HEADER = YES;
				GCC_PREFIX_HEADER = "Unseen/Unseen-Prefix.pch";
				GCC_PREPROCESSOR_DEFINITIONS = (
					"DEBUG=1",
					"$(inherited)",
				);
				INFOPLIST_FILE = "UnseenTests/UnseenTests-Info.plist";
				PRODUCT_NAME = "$(TARGET_NAME)";
				TEST_HOST = "$(BUNDLE_LOADER)";
				WRAPPER_EXTENSION = xctest;
			};
			name = Debug;
		};
		EAC61FF6195A113500FEC7C7 /* Release */ = {
			isa = XCBuildConfiguration;
			buildSettings = {
				BUNDLE_LOADER = "$(BUILT_PRODUCTS_DIR)/Unseen.app/Unseen";
				FRAMEWORK_SEARCH_PATHS = (
					"$(SDKROOT)/Developer/Library/Frameworks",
					"$(inherited)",
					"$(DEVELOPER_FRAMEWORKS_DIR)",
				);
				GCC_PRECOMPILE_PREFIX_HEADER = YES;
				GCC_PREFIX_HEADER = "Unseen/Unseen-Prefix.pch";
				INFOPLIST_FILE = "UnseenTests/UnseenTests-Info.plist";
				PRODUCT_NAME = "$(TARGET_NAME)";
				TEST_HOST = "$(BUNDLE_LOADER)";
				WRAPPER_EXTENSION = xctest;
			};
			name = Release;
		};
/* End XCBuildConfiguration section */

/* Begin XCConfigurationList section */
		EAC61FB4195A113500FEC7C7 /* Build configuration list for PBXProject "Unseen" */ = {
			isa = XCConfigurationList;
			buildConfigurations = (
				EAC61FEF195A113500FEC7C7 /* Debug */,
				EAC61FF0195A113500FEC7C7 /* Release */,
			);
			defaultConfigurationIsVisible = 0;
			defaultConfigurationName = Release;
		};
		EAC61FF1195A113500FEC7C7 /* Build configuration list for PBXNativeTarget "Unseen" */ = {
			isa = XCConfigurationList;
			buildConfigurations = (
				EAC61FF2195A113500FEC7C7 /* Debug */,
				EAC61FF3195A113500FEC7C7 /* Release */,
			);
			defaultConfigurationIsVisible = 0;
			defaultConfigurationName = Release;
		};
		EAC61FF4195A113500FEC7C7 /* Build configuration list for PBXNativeTarget "UnseenTests" */ = {
			isa = XCConfigurationList;
			buildConfigurations = (
				EAC61FF5195A113500FEC7C7 /* Debug */,
				EAC61FF6195A113500FEC7C7 /* Release */,
			);
			defaultConfigurationIsVisible = 0;
			defaultConfigurationName = Release;
		};
/* End XCConfigurationList section */
	};
	rootObject = EAC61FB1195A113500FEC7C7 /* Project object */;
}
